
Microsoft Visual Studio Solution File, Format Version 12.00
# Visual Studio Version 16
VisualStudioVersion = 16.0.31205.134
MinimumVisualStudioVersion = 10.0.40219.1
Project("{FAE04EC0-301F-11D3-BF4B-00C04F79EFBC}") = "CRUD", "CRUD\CRUD.csproj", "{A7DF243F-0909-435A-8CF0-9DDDADBFFB36}"
EndProject
Global
	GlobalSection(SolutionConfigurationPlatforms) = preSolution
		Debug|Any CPU = Debug|Any CPU
		Release|Any CPU = Release|Any CPU
	EndGlobalSection
	GlobalSection(ProjectConfigurationPlatforms) = postSolution
		{A7DF243F-0909-435A-8CF0-9DDDADBFFB36}.Debug|Any CPU.ActiveCfg = Debug|Any CPU
		{A7DF243F-0909-435A-8CF0-9DDDADBFFB36}.Debug|Any CPU.Build.0 = Debug|Any CPU
		{A7DF243F-0909-435A-8CF0-9DDDADBFFB36}.Release|Any CPU.ActiveCfg = Release|Any CPU
		{A7DF243F-0909-435A-8CF0-9DDDADBFFB36}.Release|Any CPU.Build.0 = Release|Any CPU
	EndGlobalSection
	GlobalSection(SolutionProperties) = preSolution
		HideSolutionNode = FALSE
	EndGlobalSection
	GlobalSection(ExtensibilityGlobals) = postSolution
		SolutionGuid = {4FF7816C-E52A-4CCA-BDDD-4C1EEB8B5D1C}
	EndGlobalSection
EndGlobal
